
Microsoft Visual Studio Solution File, Format Version 12.00
# Visual Studio for Mac
Project("{FAE04EC0-301F-11D3-BF4B-00C04F79EFBC}") = "2d_shooter_original", "Assembly-CSharp-firstpass.csproj", "{4390FBB2-B9B6-9A4A-801F-5254CA4C726F}"
EndProject
Project("{FAE04EC0-301F-11D3-BF4B-00C04F79EFBC}") = "2d_shooter_original", "Assembly-CSharp.csproj", "{A2659156-C3F9-5680-D378-75A6ADC9FD38}"
EndProject
Global
	GlobalSection(SolutionConfigurationPlatforms) = preSolution
		Debug|Any CPU = Debug|Any CPU
		Release|Any CPU = Release|Any CPU
	EndGlobalSection
	GlobalSection(ProjectConfigurationPlatforms) = postSolution
		{4390FBB2-B9B6-9A4A-801F-5254CA4C726F}.Debug|Any CPU.ActiveCfg = Debug|Any CPU
		{4390FBB2-B9B6-9A4A-801F-5254CA4C726F}.Debug|Any CPU.Build.0 = Debug|Any CPU
		{4390FBB2-B9B6-9A4A-801F-5254CA4C726F}.Release|Any CPU.ActiveCfg = Release|Any CPU
		{4390FBB2-B9B6-9A4A-801F-5254CA4C726F}.Release|Any CPU.Build.0 = Release|Any CPU
		{A2659156-C3F9-5680-D378-75A6ADC9FD38}.Debug|Any CPU.ActiveCfg = Debug|Any CPU
		{A2659156-C3F9-5680-D378-75A6ADC9FD38}.Debug|Any CPU.Build.0 = Debug|Any CPU
		{A2659156-C3F9-5680-D378-75A6ADC9FD38}.Release|Any CPU.ActiveCfg = Release|Any CPU
		{A2659156-C3F9-5680-D378-75A6ADC9FD38}.Release|Any CPU.Build.0 = Release|Any CPU
	EndGlobalSection
	GlobalSection(SolutionProperties) = preSolution
		HideSolutionNode = FALSE
	EndGlobalSection
EndGlobal
